PODS:
  - Fabric (1.6.11)
  - TwitterCore (1.15.3):
    - Fabric
  - TwitterKit (1.15.3):
    - TwitterCore (= 1.15.3)

DEPENDENCIES:
  - Fabric
  - TwitterKit

SPEC CHECKSUMS:
  Fabric: 5911403591946b8228ab1c51d98f1d7137e863c6
  TwitterCore: cce24b3c798993ccde72787ea79ea9a478b284e4
  TwitterKit: 43600f2d2848c227739efea5b2939585e69339c3

PODFILE CHECKSUM: 734f7419056cf018350057081e938bb278b3733c

COCOAPODS: 1.2.0
